{
  "name": "codeclimate-sync",
  "version": "0.1.0",
  "lockfileVersion": 1,
  "requires": true,
  "dependencies": {
    "bluebird": {
      "version": "3.7.0",
      "resolved": "https://registry.npmjs.org/bluebird/-/bluebird-3.7.0.tgz",
      "integrity": "sha512-aBQ1FxIa7kSWCcmKHlcHFlT2jt6J/l4FzC7KcPELkOJOsPOb/bccdhmIrKDfXhwFrmc7vDoDrrepFvGqjyXGJg==",
      "dev": true
    },
    "serverless-cloudside-plugin": {
      "version": "1.0.3",
      "resolved": "https://registry.npmjs.org/serverless-cloudside-plugin/-/serverless-cloudside-plugin-1.0.3.tgz",
      "integrity": "sha512-F/anV1k78ESWkYLeWxNgxn0KqOhZSgdOs6Joz58EJus8yzX5Nkue5I4gbZytBIsDc3UE4nIFuX6n1ZFV83ymyA==",
      "dev": true,
      "requires": {
        "bluebird": "^3.5.4"
      }
    }
  }
}
